
Microsoft Visual Studio Solution File, Format Version 12.00
# Visual Studio 15
VisualStudioVersion = 15.0.28307.902
MinimumVisualStudioVersion = 10.0.40219.1
Project("{FAE04EC0-301F-11D3-BF4B-00C04F79EFBC}") = "SOTA", "SOTA\SOTA.csproj", "{27BBC345-6F66-4F93-8D45-F71905F6F90F}"
EndProject
Global
	GlobalSection(SolutionConfigurationPlatforms) = preSolution
		Debug|Any CPU = Debug|Any CPU
		Release|Any CPU = Release|Any CPU
	EndGlobalSection
	GlobalSection(ProjectConfigurationPlatforms) = postSolution
		{27BBC345-6F66-4F93-8D45-F71905F6F90F}.Debug|Any CPU.ActiveCfg = Debug|Any CPU
		{27BBC345-6F66-4F93-8D45-F71905F6F90F}.Debug|Any CPU.Build.0 = Debug|Any CPU
		{27BBC345-6F66-4F93-8D45-F71905F6F90F}.Release|Any CPU.ActiveCfg = Release|Any CPU
		{27BBC345-6F66-4F93-8D45-F71905F6F90F}.Release|Any CPU.Build.0 = Release|Any CPU
	EndGlobalSection
	GlobalSection(SolutionProperties) = preSolution
		HideSolutionNode = FALSE
	EndGlobalSection
	GlobalSection(ExtensibilityGlobals) = postSolution
		SolutionGuid = {DCE4E98B-CCF8-4F8C-A5D3-F9DDBD26A3D4}
	EndGlobalSection
EndGlobal
